
Microsoft Visual Studio Solution File, Format Version 12.00
# Visual Studio 15
VisualStudioVersion = 15.0.27004.2006
MinimumVisualStudioVersion = 10.0.40219.1
Project("{FAE04EC0-301F-11D3-BF4B-00C04F79EFBC}") = "HashCrypt", "HashCrypt\HashCrypt.csproj", "{C380FD02-6E20-4C7B-AADF-3126AD71DDD9}"
EndProject
Global
	GlobalSection(SolutionConfigurationPlatforms) = preSolution
		Debug|Any CPU = Debug|Any CPU
		Release|Any CPU = Release|Any CPU
	EndGlobalSection
	GlobalSection(ProjectConfigurationPlatforms) = postSolution
		{C380FD02-6E20-4C7B-AADF-3126AD71DDD9}.Debug|Any CPU.ActiveCfg = Debug|Any CPU
		{C380FD02-6E20-4C7B-AADF-3126AD71DDD9}.Debug|Any CPU.Build.0 = Debug|Any CPU
		{C380FD02-6E20-4C7B-AADF-3126AD71DDD9}.Release|Any CPU.ActiveCfg = Release|Any CPU
		{C380FD02-6E20-4C7B-AADF-3126AD71DDD9}.Release|Any CPU.Build.0 = Release|Any CPU
	EndGlobalSection
	GlobalSection(SolutionProperties) = preSolution
		HideSolutionNode = FALSE
	EndGlobalSection
	GlobalSection(ExtensibilityGlobals) = postSolution
		SolutionGuid = {B6FB8C35-BBDC-4046-85AA-F702A45BF51F}
	EndGlobalSection
EndGlobal
